
Microsoft Visual Studio Solution File, Format Version 12.00
# Visual Studio 14
VisualStudioVersion = 14.0.25420.1
MinimumVisualStudioVersion = 10.0.40219.1
Project("{FAE04EC0-301F-11D3-BF4B-00C04F79EFBC}") = "SearchAlgorithmsLib", "SearchAlgorithmsLib\SearchAlgorithmsLib.csproj", "{66410194-7605-467B-859E-95A0D5810D69}"
EndProject
Project("{FAE04EC0-301F-11D3-BF4B-00C04F79EFBC}") = "MazeSolver", "MazeSolver\MazeSolver.csproj", "{260F3E1F-7844-45A0-807F-96C4B1DD4CE8}"
EndProject
Project("{FAE04EC0-301F-11D3-BF4B-00C04F79EFBC}") = "Server", "Server\Server.csproj", "{78E125F6-968B-4683-841C-027C712D26BC}"
EndProject
Project("{FAE04EC0-301F-11D3-BF4B-00C04F79EFBC}") = "Client", "Client\Client.csproj", "{D6D01D0C-1D4B-4BF5-BC17-EA97B6DC40BC}"
EndProject
Project("{FAE04EC0-301F-11D3-BF4B-00C04F79EFBC}") = "MazeGameDesktop", "MazeGameDesktop\MazeGameDesktop.csproj", "{2AC1730F-BEE8-4FEC-9789-4F62913CBF46}"
EndProject
Project("{FAE04EC0-301F-11D3-BF4B-00C04F79EFBC}") = "MazeWebProject", "MazeWebProject\MazeWebProject.csproj", "{3D6A00A5-EDD4-458E-88EA-18A036E4E46F}"
EndProject
Global
	GlobalSection(SolutionConfigurationPlatforms) = preSolution
		Debug|Any CPU = Debug|Any CPU
		Release|Any CPU = Release|Any CPU
	EndGlobalSection
	GlobalSection(ProjectConfigurationPlatforms) = postSolution
		{66410194-7605-467B-859E-95A0D5810D69}.Debug|Any CPU.ActiveCfg = Debug|Any CPU
		{66410194-7605-467B-859E-95A0D5810D69}.Debug|Any CPU.Build.0 = Debug|Any CPU
		{66410194-7605-467B-859E-95A0D5810D69}.Release|Any CPU.ActiveCfg = Release|Any CPU
		{66410194-7605-467B-859E-95A0D5810D69}.Release|Any CPU.Build.0 = Release|Any CPU
		{260F3E1F-7844-45A0-807F-96C4B1DD4CE8}.Debug|Any CPU.ActiveCfg = Debug|Any CPU
		{260F3E1F-7844-45A0-807F-96C4B1DD4CE8}.Debug|Any CPU.Build.0 = Debug|Any CPU
		{260F3E1F-7844-45A0-807F-96C4B1DD4CE8}.Release|Any CPU.ActiveCfg = Release|Any CPU
		{260F3E1F-7844-45A0-807F-96C4B1DD4CE8}.Release|Any CPU.Build.0 = Release|Any CPU
		{78E125F6-968B-4683-841C-027C712D26BC}.Debug|Any CPU.ActiveCfg = Debug|Any CPU
		{78E125F6-968B-4683-841C-027C712D26BC}.Debug|Any CPU.Build.0 = Debug|Any CPU
		{78E125F6-968B-4683-841C-027C712D26BC}.Release|Any CPU.ActiveCfg = Release|Any CPU
		{78E125F6-968B-4683-841C-027C712D26BC}.Release|Any CPU.Build.0 = Release|Any CPU
		{D6D01D0C-1D4B-4BF5-BC17-EA97B6DC40BC}.Debug|Any CPU.ActiveCfg = Debug|Any CPU
		{D6D01D0C-1D4B-4BF5-BC17-EA97B6DC40BC}.Debug|Any CPU.Build.0 = Debug|Any CPU
		{D6D01D0C-1D4B-4BF5-BC17-EA97B6DC40BC}.Release|Any CPU.ActiveCfg = Release|Any CPU
		{D6D01D0C-1D4B-4BF5-BC17-EA97B6DC40BC}.Release|Any CPU.Build.0 = Release|Any CPU
		{2AC1730F-BEE8-4FEC-9789-4F62913CBF46}.Debug|Any CPU.ActiveCfg = Debug|Any CPU
		{2AC1730F-BEE8-4FEC-9789-4F62913CBF46}.Debug|Any CPU.Build.0 = Debug|Any CPU
		{2AC1730F-BEE8-4FEC-9789-4F62913CBF46}.Release|Any CPU.ActiveCfg = Release|Any CPU
		{2AC1730F-BEE8-4FEC-9789-4F62913CBF46}.Release|Any CPU.Build.0 = Release|Any CPU
		{3D6A00A5-EDD4-458E-88EA-18A036E4E46F}.Debug|Any CPU.ActiveCfg = Debug|Any CPU
		{3D6A00A5-EDD4-458E-88EA-18A036E4E46F}.Debug|Any CPU.Build.0 = Debug|Any CPU
		{3D6A00A5-EDD4-458E-88EA-18A036E4E46F}.Release|Any CPU.ActiveCfg = Release|Any CPU
		{3D6A00A5-EDD4-458E-88EA-18A036E4E46F}.Release|Any CPU.Build.0 = Release|Any CPU
	EndGlobalSection
	GlobalSection(SolutionProperties) = preSolution
		HideSolutionNode = FALSE
	EndGlobalSection
EndGlobal
